// !$*UTF8*$!
{
	archiveVersion = 1;
	classes = {
	};
	objectVersion = 56;
	objects = {

/* Begin PBXBuildFile section */
		D72CB5EC2D5A0E8D00C7E1FA /* DetailViewController.swift in Sources */ = {isa = PBXBuildFile; fileRef = D72CB5EB2D5A0E8D00C7E1FA /* DetailViewController.swift */; };
		D7745B4B2D53C334001BDFB0 /* AppDelegate.swift in Sources */ = {isa = PBXBuildFile; fileRef = D7745B4A2D53C334001BDFB0 /* AppDelegate.swift */; };
		D7745B4D2D53C334001BDFB0 /* SceneDelegate.swift in Sources */ = {isa = PBXBuildFile; fileRef = D7745B4C2D53C334001BDFB0 /* SceneDelegate.swift */; };
		D7745B4F2D53C334001BDFB0 /* ViewController.swift in Sources */ = {isa = PBXBuildFile; fileRef = D7745B4E2D53C334001BDFB0 /* ViewController.swift */; };
		D7745B552D53C334001BDFB0 /* AppForEM.xcdatamodeld in Sources */ = {isa = PBXBuildFile; fileRef = D7745B532D53C334001BDFB0 /* AppForEM.xcdatamodeld */; };
		D7745B572D53C336001BDFB0 /* Assets.xcassets in Resources */ = {isa = PBXBuildFile; fileRef = D7745B562D53C336001BDFB0 /* Assets.xcassets */; };
		D7745B5A2D53C336001BDFB0 /* Base in Resources */ = {isa = PBXBuildFile; fileRef = D7745B592D53C336001BDFB0 /* Base */; };
		D7745B692D53CC3C001BDFB0 /* CoreDataManager.swift in Sources */ = {isa = PBXBuildFile; fileRef = D7745B682D53CC3C001BDFB0 /* CoreDataManager.swift */; };
		D7745B6C2D53CF94001BDFB0 /* APIService.swift in Sources */ = {isa = PBXBuildFile; fileRef = D7745B6B2D53CF94001BDFB0 /* APIService.swift */; };
		D7745B732D53DE3E001BDFB0 /* Notes+CoreDataClass.swift in Sources */ = {isa = PBXBuildFile; fileRef = D7745B712D53DE3E001BDFB0 /* Notes+CoreDataClass.swift */; };
		D7745B742D53DE3E001BDFB0 /* Notes+CoreDataProperties.swift in Sources */ = {isa = PBXBuildFile; fileRef = D7745B722D53DE3E001BDFB0 /* Notes+CoreDataProperties.swift */; };
		D7745B772D53E41B001BDFB0 /* SnapKit in Frameworks */ = {isa = PBXBuildFile; productRef = D7745B762D53E41B001BDFB0 /* SnapKit */; };
		D7745B792D53E41B001BDFB0 /* SnapKit-Dynamic in Frameworks */ = {isa = PBXBuildFile; productRef = D7745B782D53E41B001BDFB0 /* SnapKit-Dynamic */; };
		D7745B862D552F4B001BDFB0 /* TodoListInteractorInput.swift in Sources */ = {isa = PBXBuildFile; fileRef = D7745B852D552F4B001BDFB0 /* TodoListInteractorInput.swift */; };
		D7745B882D552F63001BDFB0 /* TodoListInteractorOutput.swift in Sources */ = {isa = PBXBuildFile; fileRef = D7745B872D552F63001BDFB0 /* TodoListInteractorOutput.swift */; };
		D7745B8A2D552FE2001BDFB0 /* TodoListInteractor.swift in Sources */ = {isa = PBXBuildFile; fileRef = D7745B892D552FE2001BDFB0 /* TodoListInteractor.swift */; };
		D7745B8D2D553354001BDFB0 /* TodoListPresenterInput.swift in Sources */ = {isa = PBXBuildFile; fileRef = D7745B8C2D553354001BDFB0 /* TodoListPresenterInput.swift */; };
		D7745B8F2D553366001BDFB0 /* TodoListPresenterOutput.swift in Sources */ = {isa = PBXBuildFile; fileRef = D7745B8E2D553366001BDFB0 /* TodoListPresenterOutput.swift */; };
		D7745B912D5533DE001BDFB0 /* TodoListPresenter.swift in Sources */ = {isa = PBXBuildFile; fileRef = D7745B902D5533DE001BDFB0 /* TodoListPresenter.swift */; };
		D7745B952D553688001BDFB0 /* TodoListRouter.swift in Sources */ = {isa = PBXBuildFile; fileRef = D7745B942D553688001BDFB0 /* TodoListRouter.swift */; };
		D7745B9A2D567E18001BDFB0 /* TodosResponse.swift in Sources */ = {isa = PBXBuildFile; fileRef = D7745B992D567E18001BDFB0 /* TodosResponse.swift */; };
		D7745B9C2D567E31001BDFB0 /* TodoJSON.swift in Sources */ = {isa = PBXBuildFile; fileRef = D7745B9B2D567E31001BDFB0 /* TodoJSON.swift */; };
		D7745B9E2D568B78001BDFB0 /* CustomTaskCell.swift in Sources */ = {isa = PBXBuildFile; fileRef = D7745B9D2D568B78001BDFB0 /* CustomTaskCell.swift */; };
/* End PBXBuildFile section */

/* Begin PBXFileReference section */
		D72CB5EB2D5A0E8D00C7E1FA /* DetailViewController.swift */ = {isa = PBXFileReference; lastKnownFileType = sourcecode.swift; path = DetailViewController.swift; sourceTree = "<group>"; };
		D7745B472D53C334001BDFB0 /* AppForEM.app */ = {isa = PBXFileReference; explicitFileType = wrapper.application; includeInIndex = 0; path = AppForEM.app; sourceTree = BUILT_PRODUCTS_DIR; };
		D7745B4A2D53C334001BDFB0 /* AppDelegate.swift */ = {isa = PBXFileReference; lastKnownFileType = sourcecode.swift; path = AppDelegate.swift; sourceTree = "<group>"; };
		D7745B4C2D53C334001BDFB0 /* SceneDelegate.swift */ = {isa = PBXFileReference; lastKnownFileType = sourcecode.swift; path = SceneDelegate.swift; sourceTree = "<group>"; };
		D7745B4E2D53C334001BDFB0 /* ViewController.swift */ = {isa = PBXFileReference; lastKnownFileType = sourcecode.swift; path = ViewController.swift; sourceTree = "<group>"; };
		D7745B542D53C334001BDFB0 /* AppForEM.xcdatamodel */ = {isa = PBXFileReference; lastKnownFileType = wrapper.xcdatamodel; path = AppForEM.xcdatamodel; sourceTree = "<group>"; };
		D7745B562D53C336001BDFB0 /* Assets.xcassets */ = {isa = PBXFileReference; lastKnownFileType = folder.assetcatalog; path = Assets.xcassets; sourceTree = "<group>"; };
		D7745B592D53C336001BDFB0 /* Base */ = {isa = PBXFileReference; lastKnownFileType = file.storyboard; name = Base; path = Base.lproj/LaunchScreen.storyboard; sourceTree = "<group>"; };
		D7745B5B2D53C336001BDFB0 /* Info.plist */ = {isa = PBXFileReference; lastKnownFileType = text.plist.xml; path = Info.plist; sourceTree = "<group>"; };
		D7745B682D53CC3C001BDFB0 /* CoreDataManager.swift */ = {isa = PBXFileReference; lastKnownFileType = sourcecode.swift; path = CoreDataManager.swift; sourceTree = "<group>"; };
		D7745B6B2D53CF94001BDFB0 /* APIService.swift */ = {isa = PBXFileReference; lastKnownFileType = sourcecode.swift; path = APIService.swift; sourceTree = "<group>"; };
		D7745B712D53DE3E001BDFB0 /* Notes+CoreDataClass.swift */ = {isa = PBXFileReference; lastKnownFileType = sourcecode.swift; path = "Notes+CoreDataClass.swift"; sourceTree = "<group>"; };
		D7745B722D53DE3E001BDFB0 /* Notes+CoreDataProperties.swift */ = {isa = PBXFileReference; lastKnownFileType = sourcecode.swift; path = "Notes+CoreDataProperties.swift"; sourceTree = "<group>"; };
		D7745B852D552F4B001BDFB0 /* TodoListInteractorInput.swift */ = {isa = PBXFileReference; lastKnownFileType = sourcecode.swift; path = TodoListInteractorInput.swift; sourceTree = "<group>"; };
		D7745B872D552F63001BDFB0 /* TodoListInteractorOutput.swift */ = {isa = PBXFileReference; lastKnownFileType = sourcecode.swift; path = TodoListInteractorOutput.swift; sourceTree = "<group>"; };
		D7745B892D552FE2001BDFB0 /* TodoListInteractor.swift */ = {isa = PBXFileReference; lastKnownFileType = sourcecode.swift; path = TodoListInteractor.swift; sourceTree = "<group>"; };
		D7745B8C2D553354001BDFB0 /* TodoListPresenterInput.swift */ = {isa = PBXFileReference; lastKnownFileType = sourcecode.swift; path = TodoListPresenterInput.swift; sourceTree = "<group>"; };
		D7745B8E2D553366001BDFB0 /* TodoListPresenterOutput.swift */ = {isa = PBXFileReference; lastKnownFileType = sourcecode.swift; path = TodoListPresenterOutput.swift; sourceTree = "<group>"; };
		D7745B902D5533DE001BDFB0 /* TodoListPresenter.swift */ = {isa = PBXFileReference; lastKnownFileType = sourcecode.swift; path = TodoListPresenter.swift; sourceTree = "<group>"; };
		D7745B942D553688001BDFB0 /* TodoListRouter.swift */ = {isa = PBXFileReference; lastKnownFileType = sourcecode.swift; path = TodoListRouter.swift; sourceTree = "<group>"; };
		D7745B992D567E18001BDFB0 /* TodosResponse.swift */ = {isa = PBXFileReference; lastKnownFileType = sourcecode.swift; path = TodosResponse.swift; sourceTree = "<group>"; };
		D7745B9B2D567E31001BDFB0 /* TodoJSON.swift */ = {isa = PBXFileReference; lastKnownFileType = sourcecode.swift; path = TodoJSON.swift; sourceTree = "<group>"; };
		D7745B9D2D568B78001BDFB0 /* CustomTaskCell.swift */ = {isa = PBXFileReference; lastKnownFileType = sourcecode.swift; path = CustomTaskCell.swift; sourceTree = "<group>"; };
/* End PBXFileReference section */

/* Begin PBXFrameworksBuildPhase section */
		D7745B442D53C334001BDFB0 /* Frameworks */ = {
			isa = PBXFrameworksBuildPhase;
			buildActionMask = 2147483647;
			files = (
				D7745B772D53E41B001BDFB0 /* SnapKit in Frameworks */,
				D7745B792D53E41B001BDFB0 /* SnapKit-Dynamic in Frameworks */,
			);
			runOnlyForDeploymentPostprocessing = 0;
		};
/* End PBXFrameworksBuildPhase section */

/* Begin PBXGroup section */
		D7745B3E2D53C334001BDFB0 = {
			isa = PBXGroup;
			children = (
				D7745B712D53DE3E001BDFB0 /* Notes+CoreDataClass.swift */,
				D7745B722D53DE3E001BDFB0 /* Notes+CoreDataProperties.swift */,
				D7745B492D53C334001BDFB0 /* AppForEM */,
				D7745B482D53C334001BDFB0 /* Products */,
			);
			sourceTree = "<group>";
		};
		D7745B482D53C334001BDFB0 /* Products */ = {
			isa = PBXGroup;
			children = (
				D7745B472D53C334001BDFB0 /* AppForEM.app */,
			);
			name = Products;
			sourceTree = "<group>";
		};
		D7745B492D53C334001BDFB0 /* AppForEM */ = {
			isa = PBXGroup;
			children = (
				D7745B802D552E35001BDFB0 /* CoreDataManager */,
				D7745B812D552E3E001BDFB0 /* Network */,
				D7745B7F2D552E10001BDFB0 /* TodoList */,
				D7745B612D53C6D9001BDFB0 /* App */,
				D7745B622D53C6F2001BDFB0 /* Resources */,
				D7745B532D53C334001BDFB0 /* AppForEM.xcdatamodeld */,
			);
			path = AppForEM;
			sourceTree = "<group>";
		};
		D7745B612D53C6D9001BDFB0 /* App */ = {
			isa = PBXGroup;
			children = (
				D7745B4A2D53C334001BDFB0 /* AppDelegate.swift */,
				D7745B4C2D53C334001BDFB0 /* SceneDelegate.swift */,
			);
			path = App;
			sourceTree = "<group>";
		};
		D7745B622D53C6F2001BDFB0 /* Resources */ = {
			isa = PBXGroup;
			children = (
				D7745B562D53C336001BDFB0 /* Assets.xcassets */,
				D7745B582D53C336001BDFB0 /* LaunchScreen.storyboard */,
				D7745B5B2D53C336001BDFB0 /* Info.plist */,
			);
			path = Resources;
			sourceTree = "<group>";
		};
		D7745B7F2D552E10001BDFB0 /* TodoList */ = {
			isa = PBXGroup;
			children = (
				D7745B962D5538D4001BDFB0 /* Entity */,
				D7745B932D55366A001BDFB0 /* Router */,
				D7745B922D5534CE001BDFB0 /* View */,
				D7745B8B2D553339001BDFB0 /* Presenter */,
				D7745B842D552F2C001BDFB0 /* Interactor */,
			);
			path = TodoList;
			sourceTree = "<group>";
		};
		D7745B802D552E35001BDFB0 /* CoreDataManager */ = {
			isa = PBXGroup;
			children = (
				D7745B682D53CC3C001BDFB0 /* CoreDataManager.swift */,
			);
			path = CoreDataManager;
			sourceTree = "<group>";
		};
		D7745B812D552E3E001BDFB0 /* Network */ = {
			isa = PBXGroup;
			children = (
				D7745B6B2D53CF94001BDFB0 /* APIService.swift */,
			);
			path = Network;
			sourceTree = "<group>";
		};
		D7745B842D552F2C001BDFB0 /* Interactor */ = {
			isa = PBXGroup;
			children = (
				D7745B852D552F4B001BDFB0 /* TodoListInteractorInput.swift */,
				D7745B872D552F63001BDFB0 /* TodoListInteractorOutput.swift */,
				D7745B892D552FE2001BDFB0 /* TodoListInteractor.swift */,
			);
			path = Interactor;
			sourceTree = "<group>";
		};
		D7745B8B2D553339001BDFB0 /* Presenter */ = {
			isa = PBXGroup;
			children = (
				D7745B8C2D553354001BDFB0 /* TodoListPresenterInput.swift */,
				D7745B8E2D553366001BDFB0 /* TodoListPresenterOutput.swift */,
				D7745B902D5533DE001BDFB0 /* TodoListPresenter.swift */,
			);
			path = Presenter;
			sourceTree = "<group>";
		};
		D7745B922D5534CE001BDFB0 /* View */ = {
			isa = PBXGroup;
			children = (
				D7745B4E2D53C334001BDFB0 /* ViewController.swift */,
				D7745B9D2D568B78001BDFB0 /* CustomTaskCell.swift */,
				D72CB5EB2D5A0E8D00C7E1FA /* DetailViewController.swift */,
			);
			path = View;
			sourceTree = "<group>";
		};
		D7745B932D55366A001BDFB0 /* Router */ = {
			isa = PBXGroup;
			children = (
				D7745B942D553688001BDFB0 /* TodoListRouter.swift */,
			);
			path = Router;
			sourceTree = "<group>";
		};
		D7745B962D5538D4001BDFB0 /* Entity */ = {
			isa = PBXGroup;
			children = (
				D7745B992D567E18001BDFB0 /* TodosResponse.swift */,
				D7745B9B2D567E31001BDFB0 /* TodoJSON.swift */,
			);
			path = Entity;
			sourceTree = "<group>";
		};
/* End PBXGroup section */

/* Begin PBXNativeTarget section */
		D7745B462D53C334001BDFB0 /* AppForEM */ = {
			isa = PBXNativeTarget;
			buildConfigurationList = D7745B5E2D53C336001BDFB0 /* Build configuration list for PBXNativeTarget "AppForEM" */;
			buildPhases = (
				D7745B432D53C334001BDFB0 /* Sources */,
				D7745B442D53C334001BDFB0 /* Frameworks */,
				D7745B452D53C334001BDFB0 /* Resources */,
			);
			buildRules = (
			);
			dependencies = (
			);
			name = AppForEM;
			packageProductDependencies = (
				D7745B762D53E41B001BDFB0 /* SnapKit */,
				D7745B782D53E41B001BDFB0 /* SnapKit-Dynamic */,
			);
			productName = AppForEM;
			productReference = D7745B472D53C334001BDFB0 /* AppForEM.app */;
			productType = "com.apple.product-type.application";
		};
/* End PBXNativeTarget section */

/* Begin PBXProject section */
		D7745B3F2D53C334001BDFB0 /* Project object */ = {
			isa = PBXProject;
			attributes = {
				BuildIndependentTargetsInParallel = 1;
				LastSwiftUpdateCheck = 1530;
				LastUpgradeCheck = 1530;
				TargetAttributes = {
					D7745B462D53C334001BDFB0 = {
						CreatedOnToolsVersion = 15.3;
					};
				};
			};
			buildConfigurationList = D7745B422D53C334001BDFB0 /* Build configuration list for PBXProject "AppForEM" */;
			compatibilityVersion = "Xcode 14.0";
			developmentRegion = en;
			hasScannedForEncodings = 0;
			knownRegions = (
				en,
				Base,
			);
			mainGroup = D7745B3E2D53C334001BDFB0;
			packageReferences = (
				D7745B752D53E41B001BDFB0 /* XCRemoteSwiftPackageReference "SnapKit" */,
			);
			productRefGroup = D7745B482D53C334001BDFB0 /* Products */;
			projectDirPath = "";
			projectRoot = "";
			targets = (
				D7745B462D53C334001BDFB0 /* AppForEM */,
			);
		};
/* End PBXProject section */

/* Begin PBXResourcesBuildPhase section */
		D7745B452D53C334001BDFB0 /* Resources */ = {
			isa = PBXResourcesBuildPhase;
			buildActionMask = 2147483647;
			files = (
				D7745B572D53C336001BDFB0 /* Assets.xcassets in Resources */,
				D7745B5A2D53C336001BDFB0 /* Base in Resources */,
			);
			runOnlyForDeploymentPostprocessing = 0;
		};
/* End PBXResourcesBuildPhase section */

/* Begin PBXSourcesBuildPhase section */
		D7745B432D53C334001BDFB0 /* Sources */ = {
			isa = PBXSourcesBuildPhase;
			buildActionMask = 2147483647;
			files = (
				D7745B4F2D53C334001BDFB0 /* ViewController.swift in Sources */,
				D7745B862D552F4B001BDFB0 /* TodoListInteractorInput.swift in Sources */,
				D7745B952D553688001BDFB0 /* TodoListRouter.swift in Sources */,
				D7745B4B2D53C334001BDFB0 /* AppDelegate.swift in Sources */,
				D7745B4D2D53C334001BDFB0 /* SceneDelegate.swift in Sources */,
				D7745B8A2D552FE2001BDFB0 /* TodoListInteractor.swift in Sources */,
				D7745B9A2D567E18001BDFB0 /* TodosResponse.swift in Sources */,
				D7745B692D53CC3C001BDFB0 /* CoreDataManager.swift in Sources */,
				D7745B732D53DE3E001BDFB0 /* Notes+CoreDataClass.swift in Sources */,
				D7745B882D552F63001BDFB0 /* TodoListInteractorOutput.swift in Sources */,
				D72CB5EC2D5A0E8D00C7E1FA /* DetailViewController.swift in Sources */,
				D7745B8F2D553366001BDFB0 /* TodoListPresenterOutput.swift in Sources */,
				D7745B742D53DE3E001BDFB0 /* Notes+CoreDataProperties.swift in Sources */,
				D7745B9C2D567E31001BDFB0 /* TodoJSON.swift in Sources */,
				D7745B8D2D553354001BDFB0 /* TodoListPresenterInput.swift in Sources */,
				D7745B912D5533DE001BDFB0 /* TodoListPresenter.swift in Sources */,
				D7745B6C2D53CF94001BDFB0 /* APIService.swift in Sources */,
				D7745B552D53C334001BDFB0 /* AppForEM.xcdatamodeld in Sources */,
				D7745B9E2D568B78001BDFB0 /* CustomTaskCell.swift in Sources */,
			);
			runOnlyForDeploymentPostprocessing = 0;
		};
/* End PBXSourcesBuildPhase section */

/* Begin PBXVariantGroup section */
		D7745B582D53C336001BDFB0 /* LaunchScreen.storyboard */ = {
			isa = PBXVariantGroup;
			children = (
				D7745B592D53C336001BDFB0 /* Base */,
			);
			name = LaunchScreen.storyboard;
			sourceTree = "<group>";
		};
/* End PBXVariantGroup section */

/* Begin XCBuildConfiguration section */
		D7745B5C2D53C336001BDFB0 /* Debug */ = {
			isa = XCBuildConfiguration;
			buildSettings = {
				ALWAYS_SEARCH_USER_PATHS = NO;
				ASSETCATALOG_COMPILER_GENERATE_SWIFT_ASSET_SYMBOL_EXTENSIONS = YES;
				CLANG_ANALYZER_NONNULL = YES;
				CLANG_ANALYZER_NUMBER_OBJECT_CONVERSION = YES_AGGRESSIVE;
				CLANG_CXX_LANGUAGE_STANDARD = "gnu++20";
				CLANG_ENABLE_MODULES = YES;
				CLANG_ENABLE_OBJC_ARC = YES;
				CLANG_ENABLE_OBJC_WEAK = YES;
				CLANG_WARN_BLOCK_CAPTURE_AUTORELEASING = YES;
				CLANG_WARN_BOOL_CONVERSION = YES;
				CLANG_WARN_COMMA = YES;
				CLANG_WARN_CONSTANT_CONVERSION = YES;
				CLANG_WARN_DEPRECATED_OBJC_IMPLEMENTATIONS = YES;
				CLANG_WARN_DIRECT_OBJC_ISA_USAGE = YES_ERROR;
				CLANG_WARN_DOCUMENTATION_COMMENTS = YES;
				CLANG_WARN_EMPTY_BODY = YES;
				CLANG_WARN_ENUM_CONVERSION = YES;
				CLANG_WARN_INFINITE_RECURSION = YES;
				CLANG_WARN_INT_CONVERSION = YES;
				CLANG_WARN_NON_LITERAL_NULL_CONVERSION = YES;
				CLANG_WARN_OBJC_IMPLICIT_RETAIN_SELF = YES;
				CLANG_WARN_OBJC_LITERAL_CONVERSION = YES;
				CLANG_WARN_OBJC_ROOT_CLASS = YES_ERROR;
				CLANG_WARN_QUOTED_INCLUDE_IN_FRAMEWORK_HEADER = YES;
				CLANG_WARN_RANGE_LOOP_ANALYSIS = YES;
				CLANG_WARN_STRICT_PROTOTYPES = YES;
				CLANG_WARN_SUSPICIOUS_MOVE = YES;
				CLANG_WARN_UNGUARDED_AVAILABILITY = YES_AGGRESSIVE;
				CLANG_WARN_UNREACHABLE_CODE = YES;
				CLANG_WARN__DUPLICATE_METHOD_MATCH = YES;
				COPY_PHASE_STRIP = NO;
				DEBUG_INFORMATION_FORMAT = dwarf;
				ENABLE_STRICT_OBJC_MSGSEND = YES;
				ENABLE_TESTABILITY = YES;
				ENABLE_USER_SCRIPT_SANDBOXING = YES;
				GCC_C_LANGUAGE_STANDARD = gnu17;
				GCC_DYNAMIC_NO_PIC = NO;
				GCC_NO_COMMON_BLOCKS = YES;
				GCC_OPTIMIZATION_LEVEL = 0;
				GCC_PREPROCESSOR_DEFINITIONS = (
					"DEBUG=1",
					"$(inherited)",
				);
				GCC_WARN_64_TO_32_BIT_CONVERSION = YES;
				GCC_WARN_ABOUT_RETURN_TYPE = YES_ERROR;
				GCC_WARN_UNDECLARED_SELECTOR = YES;
				GCC_WARN_UNINITIALIZED_AUTOS = YES_AGGRESSIVE;
				GCC_WARN_UNUSED_FUNCTION = YES;
				GCC_WARN_UNUSED_VARIABLE = YES;
				INFOPLIST_FILE = "";
				IPHONEOS_DEPLOYMENT_TARGET = 17.4;
				LOCALIZATION_PREFERS_STRING_CATALOGS = YES;
				MTL_ENABLE_DEBUG_INFO = INCLUDE_SOURCE;
				MTL_FAST_MATH = YES;
				ONLY_ACTIVE_ARCH = YES;
				SDKROOT = iphoneos;
				SWIFT_ACTIVE_COMPILATION_CONDITIONS = "DEBUG $(inherited)";
				SWIFT_OPTIMIZATION_LEVEL = "-Onone";
			};
			name = Debug;
		};
		D7745B5D2D53C336001BDFB0 /* Release */ = {
			isa = XCBuildConfiguration;
			buildSettings = {
				ALWAYS_SEARCH_USER_PATHS = NO;
				ASSETCATALOG_COMPILER_GENERATE_SWIFT_ASSET_SYMBOL_EXTENSIONS = YES;
				CLANG_ANALYZER_NONNULL = YES;
				CLANG_ANALYZER_NUMBER_OBJECT_CONVERSION = YES_AGGRESSIVE;
				CLANG_CXX_LANGUAGE_STANDARD = "gnu++20";
				CLANG_ENABLE_MODULES = YES;
				CLANG_ENABLE_OBJC_ARC = YES;
				CLANG_ENABLE_OBJC_WEAK = YES;
				CLANG_WARN_BLOCK_CAPTURE_AUTORELEASING = YES;
				CLANG_WARN_BOOL_CONVERSION = YES;
				CLANG_WARN_COMMA = YES;
				CLANG_WARN_CONSTANT_CONVERSION = YES;
				CLANG_WARN_DEPRECATED_OBJC_IMPLEMENTATIONS = YES;
				CLANG_WARN_DIRECT_OBJC_ISA_USAGE = YES_ERROR;
				CLANG_WARN_DOCUMENTATION_COMMENTS = YES;
				CLANG_WARN_EMPTY_BODY = YES;
				CLANG_WARN_ENUM_CONVERSION = YES;
				CLANG_WARN_INFINITE_RECURSION = YES;
				CLANG_WARN_INT_CONVERSION = YES;
				CLANG_WARN_NON_LITERAL_NULL_CONVERSION = YES;
				CLANG_WARN_OBJC_IMPLICIT_RETAIN_SELF = YES;
				CLANG_WARN_OBJC_LITERAL_CONVERSION = YES;
				CLANG_WARN_OBJC_ROOT_CLASS = YES_ERROR;
				CLANG_WARN_QUOTED_INCLUDE_IN_FRAMEWORK_HEADER = YES;
				CLANG_WARN_RANGE_LOOP_ANALYSIS = YES;
				CLANG_WARN_STRICT_PROTOTYPES = YES;
				CLANG_WARN_SUSPICIOUS_MOVE = YES;
				CLANG_WARN_UNGUARDED_AVAILABILITY = YES_AGGRESSIVE;
				CLANG_WARN_UNREACHABLE_CODE = YES;
				CLANG_WARN__DUPLICATE_METHOD_MATCH = YES;
				COPY_PHASE_STRIP = NO;
				DEBUG_INFORMATION_FORMAT = "dwarf-with-dsym";
				ENABLE_NS_ASSERTIONS = NO;
				ENABLE_STRICT_OBJC_MSGSEND = YES;
				ENABLE_USER_SCRIPT_SANDBOXING = YES;
				GCC_C_LANGUAGE_STANDARD = gnu17;
				GCC_NO_COMMON_BLOCKS = YES;
				GCC_WARN_64_TO_32_BIT_CONVERSION = YES;
				GCC_WARN_ABOUT_RETURN_TYPE = YES_ERROR;
				GCC_WARN_UNDECLARED_SELECTOR = YES;
				GCC_WARN_UNINITIALIZED_AUTOS = YES_AGGRESSIVE;
				GCC_WARN_UNUSED_FUNCTION = YES;
				GCC_WARN_UNUSED_VARIABLE = YES;
				INFOPLIST_FILE = "";
				IPHONEOS_DEPLOYMENT_TARGET = 17.4;
				LOCALIZATION_PREFERS_STRING_CATALOGS = YES;
				MTL_ENABLE_DEBUG_INFO = NO;
				MTL_FAST_MATH = YES;
				SDKROOT = iphoneos;
				SWIFT_COMPILATION_MODE = wholemodule;
				VALIDATE_PRODUCT = YES;
			};
			name = Release;
		};
		D7745B5F2D53C336001BDFB0 /* Debug */ = {
			isa = XCBuildConfiguration;
			buildSettings = {
				ASSETCATALOG_COMPILER_APPICON_NAME = AppIcon;
				ASSETCATALOG_COMPILER_GLOBAL_ACCENT_COLOR_NAME = AccentColor;
				CODE_SIGN_STYLE = Automatic;
				CURRENT_PROJECT_VERSION = 1;
				DEVELOPMENT_TEAM = HDQUFL254V;
				GENERATE_INFOPLIST_FILE = YES;
				INFOPLIST_FILE = AppForEM/Resources/Info.plist;
				INFOPLIST_KEY_UIApplicationSupportsIndirectInputEvents = YES;
				INFOPLIST_KEY_UILaunchStoryboardName = LaunchScreen;
				INFOPLIST_KEY_UISupportedInterfaceOrientations_iPad = "UIInterfaceOrientationPortrait UIInterfaceOrientationPortraitUpsideDown UIInterfaceOrientationLandscapeLeft UIInterfaceOrientationLandscapeRight";
				INFOPLIST_KEY_UISupportedInterfaceOrientations_iPhone = "UIInterfaceOrientationPortrait UIInterfaceOrientationLandscapeLeft UIInterfaceOrientationLandscapeRight";
				LD_RUNPATH_SEARCH_PATHS = (
					"$(inherited)",
					"@executable_path/Frameworks",
				);
				MARKETING_VERSION = 1.0;
				PRODUCT_BUNDLE_IDENTIFIER = my.com.AppForEM;
				PRODUCT_NAME = "$(TARGET_NAME)";
				SWIFT_EMIT_LOC_STRINGS = YES;
				SWIFT_VERSION = 5.0;
				TARGETED_DEVICE_FAMILY = "1,2";
			};
			name = Debug;
		};
		D7745B602D53C336001BDFB0 /* Release */ = {
			isa = XCBuildConfiguration;
			buildSettings = {
				ASSETCATALOG_COMPILER_APPICON_NAME = AppIcon;
				ASSETCATALOG_COMPILER_GLOBAL_ACCENT_COLOR_NAME = AccentColor;
				CODE_SIGN_STYLE = Automatic;
				CURRENT_PROJECT_VERSION = 1;
				DEVELOPMENT_TEAM = HDQUFL254V;
				GENERATE_INFOPLIST_FILE = YES;
				INFOPLIST_FILE = AppForEM/Resources/Info.plist;
				INFOPLIST_KEY_UIApplicationSupportsIndirectInputEvents = YES;
				INFOPLIST_KEY_UILaunchStoryboardName = LaunchScreen;
				INFOPLIST_KEY_UISupportedInterfaceOrientations_iPad = "UIInterfaceOrientationPortrait UIInterfaceOrientationPortraitUpsideDown UIInterfaceOrientationLandscapeLeft UIInterfaceOrientationLandscapeRight";
				INFOPLIST_KEY_UISupportedInterfaceOrientations_iPhone = "UIInterfaceOrientationPortrait UIInterfaceOrientationLandscapeLeft UIInterfaceOrientationLandscapeRight";
				LD_RUNPATH_SEARCH_PATHS = (
					"$(inherited)",
					"@executable_path/Frameworks",
				);
				MARKETING_VERSION = 1.0;
				PRODUCT_BUNDLE_IDENTIFIER = my.com.AppForEM;
				PRODUCT_NAME = "$(TARGET_NAME)";
				SWIFT_EMIT_LOC_STRINGS = YES;
				SWIFT_VERSION = 5.0;
				TARGETED_DEVICE_FAMILY = "1,2";
			};
			name = Release;
		};
/* End XCBuildConfiguration section */

/* Begin XCConfigurationList section */
		D7745B422D53C334001BDFB0 /* Build configuration list for PBXProject "AppForEM" */ = {
			isa = XCConfigurationList;
			buildConfigurations = (
				D7745B5C2D53C336001BDFB0 /* Debug */,
				D7745B5D2D53C336001BDFB0 /* Release */,
			);
			defaultConfigurationIsVisible = 0;
			defaultConfigurationName = Release;
		};
		D7745B5E2D53C336001BDFB0 /* Build configuration list for PBXNativeTarget "AppForEM" */ = {
			isa = XCConfigurationList;
			buildConfigurations = (
				D7745B5F2D53C336001BDFB0 /* Debug */,
				D7745B602D53C336001BDFB0 /* Release */,
			);
			defaultConfigurationIsVisible = 0;
			defaultConfigurationName = Release;
		};
/* End XCConfigurationList section */

/* Begin XCRemoteSwiftPackageReference section */
		D7745B752D53E41B001BDFB0 /* XCRemoteSwiftPackageReference "SnapKit" */ = {
			isa = XCRemoteSwiftPackageReference;
			repositoryURL = "https://github.com/SnapKit/SnapKit.git";
			requirement = {
				kind = upToNextMajorVersion;
				minimumVersion = 5.7.1;
			};
		};
/* End XCRemoteSwiftPackageReference section */

/* Begin XCSwiftPackageProductDependency section */
		D7745B762D53E41B001BDFB0 /* SnapKit */ = {
			isa = XCSwiftPackageProductDependency;
			package = D7745B752D53E41B001BDFB0 /* XCRemoteSwiftPackageReference "SnapKit" */;
			productName = SnapKit;
		};
		D7745B782D53E41B001BDFB0 /* SnapKit-Dynamic */ = {
			isa = XCSwiftPackageProductDependency;
			package = D7745B752D53E41B001BDFB0 /* XCRemoteSwiftPackageReference "SnapKit" */;
			productName = "SnapKit-Dynamic";
		};
/* End XCSwiftPackageProductDependency section */

/* Begin XCVersionGroup section */
		D7745B532D53C334001BDFB0 /* AppForEM.xcdatamodeld */ = {
			isa = XCVersionGroup;
			children = (
				D7745B542D53C334001BDFB0 /* AppForEM.xcdatamodel */,
			);
			currentVersion = D7745B542D53C334001BDFB0 /* AppForEM.xcdatamodel */;
			path = AppForEM.xcdatamodeld;
			sourceTree = "<group>";
			versionGroupType = wrapper.xcdatamodel;
		};
/* End XCVersionGroup section */
	};
	rootObject = D7745B3F2D53C334001BDFB0 /* Project object */;
}
